
Microsoft Visual Studio Solution File, Format Version 12.00
# Visual Studio Version 16
VisualStudioVersion = 16.0.31729.503
MinimumVisualStudioVersion = 10.0.40219.1
Project("{FAE04EC0-301F-11D3-BF4B-00C04F79EFBC}") = "CANManipulator", "CANManipulator\CANManipulator.csproj", "{32886C6A-CDD8-414D-B09B-51F23ABA244F}"
EndProject
Global
	GlobalSection(SolutionConfigurationPlatforms) = preSolution
		Debug|Any CPU = Debug|Any CPU
		Debug|x86 = Debug|x86
		Release|Any CPU = Release|Any CPU
		Release|x86 = Release|x86
	EndGlobalSection
	GlobalSection(ProjectConfigurationPlatforms) = postSolution
		{32886C6A-CDD8-414D-B09B-51F23ABA244F}.Debug|Any CPU.ActiveCfg = Debug|Any CPU
		{32886C6A-CDD8-414D-B09B-51F23ABA244F}.Debug|Any CPU.Build.0 = Debug|Any CPU
		{32886C6A-CDD8-414D-B09B-51F23ABA244F}.Debug|x86.ActiveCfg = Debug|x86
		{32886C6A-CDD8-414D-B09B-51F23ABA244F}.Debug|x86.Build.0 = Debug|x86
		{32886C6A-CDD8-414D-B09B-51F23ABA244F}.Release|Any CPU.ActiveCfg = Release|Any CPU
		{32886C6A-CDD8-414D-B09B-51F23ABA244F}.Release|Any CPU.Build.0 = Release|Any CPU
		{32886C6A-CDD8-414D-B09B-51F23ABA244F}.Release|x86.ActiveCfg = Release|x86
		{32886C6A-CDD8-414D-B09B-51F23ABA244F}.Release|x86.Build.0 = Release|x86
	EndGlobalSection
	GlobalSection(SolutionProperties) = preSolution
		HideSolutionNode = FALSE
	EndGlobalSection
	GlobalSection(ExtensibilityGlobals) = postSolution
		SolutionGuid = {3214FD38-FF95-45F4-966B-7F289ED58061}
	EndGlobalSection
EndGlobal
